{
	"name": "littleconf",
	"version": "2.0.0",
	"lockfileVersion": 2,
	"requires": true,
	"packages": {
		"": {
			"name": "littleconf",
			"version": "2.0.0",
			"dependencies": {
				"js-yaml": "^4.1.0",
				"objtools": "^4.0.0",
				"sha1": "^1.1.1"
			},
			"devDependencies": {
				"@types/node": "^14.18.16",
				"@types/objtools": "^2.0.0",
				"typescript": "^4.6.4"
			},
			"engines": {
				"node": ">= 14.0.0"
			}
		},
		"node_modules/@types/node": {
			"version": "14.18.16",
			"resolved": "https://registry.npmjs.org/@types/node/-/node-14.18.16.tgz",
			"integrity": "sha512-X3bUMdK/VmvrWdoTkz+VCn6nwKwrKCFTHtqwBIaQJNx4RUIBBUFXM00bqPz/DsDd+Icjmzm6/tyYZzeGVqb6/Q==",
			"dev": true
		},
		"node_modules/@types/objtools": {
			"version": "2.0.0",
			"resolved": "https://registry.npmjs.org/@types/objtools/-/objtools-2.0.0.tgz",
			"integrity": "sha512-5Qo8kfroGDdFeYfDzelCc+f/DXdaPpJQ4HgWPHpfVuJg60Q2OPyfIFpHL/aZZ7YsvnV9OuE8EU6QIjw/FVxhhw==",
			"dev": true
		},
		"node_modules/argparse": {
			"version": "2.0.1",
			"resolved": "https://registry.npmjs.org/argparse/-/argparse-2.0.1.tgz",
			"integrity": "sha512-8+9WqebbFzpX9OR+Wa6O29asIogeRMzcGtAINdpMHHyAg10f05aSFVBbcEqGf/PXw1EjAZ+q2/bEBg3DvurK3Q=="
		},
		"node_modules/charenc": {
			"version": "0.0.2",
			"resolved": "https://registry.npmjs.org/charenc/-/charenc-0.0.2.tgz",
			"integrity": "sha1-wKHS86cJLgN3S/qD8UwPxXkKhmc=",
			"engines": {
				"node": "*"
			}
		},
		"node_modules/crypt": {
			"version": "0.0.2",
			"resolved": "https://registry.npmjs.org/crypt/-/crypt-0.0.2.tgz",
			"integrity": "sha1-iNf/fsDfuG9xPch7u0LQRNPmxBs=",
			"engines": {
				"node": "*"
			}
		},
		"node_modules/js-yaml": {
			"version": "4.1.0",
			"resolved": "https://registry.npmjs.org/js-yaml/-/js-yaml-4.1.0.tgz",
			"integrity": "sha512-wpxZs9NoxZaJESJGIZTyDEaYpl0FKSA+FB9aJiyemKhMwkxQg63h4T1KJgUGHpTqPDNRcmmYLugrRjJlBtWvRA==",
			"dependencies": {
				"argparse": "^2.0.1"
			},
			"bin": {
				"js-yaml": "bin/js-yaml.js"
			}
		},
		"node_modules/lodash": {
			"version": "4.17.21",
			"resolved": "https://registry.npmjs.org/lodash/-/lodash-4.17.21.tgz",
			"integrity": "sha512-v2kDEe57lecTulaDIuNTPy3Ry4gLGJ6Z1O3vE1krgXZNrsQ+LFTGHVxVjcXPs17LhbZVGedAJv8XZ1tvj5FvSg=="
		},
		"node_modules/objtools": {
			"version": "4.0.0",
			"resolved": "https://registry.npmjs.org/objtools/-/objtools-4.0.0.tgz",
			"integrity": "sha512-42Sfyrc9kghUlJ1hS8cmhcrJ1kwUhT8T6yAvoMQNRNdulcuNVSU9wwuZW1hVJJMauPbV6qOI+/8ZjR9Zl9vAaQ==",
			"dependencies": {
				"lodash": "^4.17.21"
			},
			"engines": {
				"node": ">= 14.0.0"
			}
		},
		"node_modules/sha1": {
			"version": "1.1.1",
			"resolved": "https://registry.npmjs.org/sha1/-/sha1-1.1.1.tgz",
			"integrity": "sha1-rdqnqTFo85PxnrKxUJFhjicA+Eg=",
			"dependencies": {
				"charenc": ">= 0.0.1",
				"crypt": ">= 0.0.1"
			},
			"engines": {
				"node": "*"
			}
		},
		"node_modules/typescript": {
			"version": "4.6.4",
			"resolved": "https://registry.npmjs.org/typescript/-/typescript-4.6.4.tgz",
			"integrity": "sha512-9ia/jWHIEbo49HfjrLGfKbZSuWo9iTMwXO+Ca3pRsSpbsMbc7/IU8NKdCZVRRBafVPGnoJeFL76ZOAA84I9fEg==",
			"dev": true,
			"bin": {
				"tsc": "bin/tsc",
				"tsserver": "bin/tsserver"
			},
			"engines": {
				"node": ">=4.2.0"
			}
		}
	},
	"dependencies": {
		"@types/node": {
			"version": "14.18.16",
			"resolved": "https://registry.npmjs.org/@types/node/-/node-14.18.16.tgz",
			"integrity": "sha512-X3bUMdK/VmvrWdoTkz+VCn6nwKwrKCFTHtqwBIaQJNx4RUIBBUFXM00bqPz/DsDd+Icjmzm6/tyYZzeGVqb6/Q==",
			"dev": true
		},
		"@types/objtools": {
			"version": "2.0.0",
			"resolved": "https://registry.npmjs.org/@types/objtools/-/objtools-2.0.0.tgz",
			"integrity": "sha512-5Qo8kfroGDdFeYfDzelCc+f/DXdaPpJQ4HgWPHpfVuJg60Q2OPyfIFpHL/aZZ7YsvnV9OuE8EU6QIjw/FVxhhw==",
			"dev": true
		},
		"argparse": {
			"version": "2.0.1",
			"resolved": "https://registry.npmjs.org/argparse/-/argparse-2.0.1.tgz",
			"integrity": "sha512-8+9WqebbFzpX9OR+Wa6O29asIogeRMzcGtAINdpMHHyAg10f05aSFVBbcEqGf/PXw1EjAZ+q2/bEBg3DvurK3Q=="
		},
		"charenc": {
			"version": "0.0.2",
			"resolved": "https://registry.npmjs.org/charenc/-/charenc-0.0.2.tgz",
			"integrity": "sha1-wKHS86cJLgN3S/qD8UwPxXkKhmc="
		},
		"crypt": {
			"version": "0.0.2",
			"resolved": "https://registry.npmjs.org/crypt/-/crypt-0.0.2.tgz",
			"integrity": "sha1-iNf/fsDfuG9xPch7u0LQRNPmxBs="
		},
		"js-yaml": {
			"version": "4.1.0",
			"resolved": "https://registry.npmjs.org/js-yaml/-/js-yaml-4.1.0.tgz",
			"integrity": "sha512-wpxZs9NoxZaJESJGIZTyDEaYpl0FKSA+FB9aJiyemKhMwkxQg63h4T1KJgUGHpTqPDNRcmmYLugrRjJlBtWvRA==",
			"requires": {
				"argparse": "^2.0.1"
			}
		},
		"lodash": {
			"version": "4.17.21",
			"resolved": "https://registry.npmjs.org/lodash/-/lodash-4.17.21.tgz",
			"integrity": "sha512-v2kDEe57lecTulaDIuNTPy3Ry4gLGJ6Z1O3vE1krgXZNrsQ+LFTGHVxVjcXPs17LhbZVGedAJv8XZ1tvj5FvSg=="
		},
		"objtools": {
			"version": "4.0.0",
			"resolved": "https://registry.npmjs.org/objtools/-/objtools-4.0.0.tgz",
			"integrity": "sha512-42Sfyrc9kghUlJ1hS8cmhcrJ1kwUhT8T6yAvoMQNRNdulcuNVSU9wwuZW1hVJJMauPbV6qOI+/8ZjR9Zl9vAaQ==",
			"requires": {
				"lodash": "^4.17.21"
			}
		},
		"sha1": {
			"version": "1.1.1",
			"resolved": "https://registry.npmjs.org/sha1/-/sha1-1.1.1.tgz",
			"integrity": "sha1-rdqnqTFo85PxnrKxUJFhjicA+Eg=",
			"requires": {
				"charenc": ">= 0.0.1",
				"crypt": ">= 0.0.1"
			}
		},
		"typescript": {
			"version": "4.6.4",
			"resolved": "https://registry.npmjs.org/typescript/-/typescript-4.6.4.tgz",
			"integrity": "sha512-9ia/jWHIEbo49HfjrLGfKbZSuWo9iTMwXO+Ca3pRsSpbsMbc7/IU8NKdCZVRRBafVPGnoJeFL76ZOAA84I9fEg==",
			"dev": true
		}
	}
}
